
Microsoft Visual Studio Solution File, Format Version 12.00
# Visual Studio Version 17
VisualStudioVersion = 17.11.35327.3
MinimumVisualStudioVersion = 10.0.40219.1
Project("{FAE04EC0-301F-11D3-BF4B-00C04F79EFBC}") = "OOPGameRefactoring_Shawn-Bernard_20250131", "OOPGameRefactoring_Shawn-Bernard_20250131\OOPGameRefactoring_Shawn-Bernard_20250131.csproj", "{107951C5-E02E-4253-814B-7EA2E81ED653}"
EndProject
Global
	GlobalSection(SolutionConfigurationPlatforms) = preSolution
		Debug|Any CPU = Debug|Any CPU
		Release|Any CPU = Release|Any CPU
	EndGlobalSection
	GlobalSection(ProjectConfigurationPlatforms) = postSolution
		{107951C5-E02E-4253-814B-7EA2E81ED653}.Debug|Any CPU.ActiveCfg = Debug|Any CPU
		{107951C5-E02E-4253-814B-7EA2E81ED653}.Debug|Any CPU.Build.0 = Debug|Any CPU
		{107951C5-E02E-4253-814B-7EA2E81ED653}.Release|Any CPU.ActiveCfg = Release|Any CPU
		{107951C5-E02E-4253-814B-7EA2E81ED653}.Release|Any CPU.Build.0 = Release|Any CPU
	EndGlobalSection
	GlobalSection(SolutionProperties) = preSolution
		HideSolutionNode = FALSE
	EndGlobalSection
	GlobalSection(ExtensibilityGlobals) = postSolution
		SolutionGuid = {0C9A9794-05B7-415C-AF05-F89CF5CC5A42}
	EndGlobalSection
EndGlobal
